
Microsoft Visual Studio Solution File, Format Version 12.00
# Visual Studio Version 16
VisualStudioVersion = 16.0.32002.261
MinimumVisualStudioVersion = 10.0.40219.1
Project("{9A19103F-16F7-4668-BE54-9A1E7A4F7556}") = "1. FirstCs", "..\1. FirstCs\1. FirstCs.csproj", "{2E4F0DC7-378A-4247-B777-3EB27FB938CE}"
EndProject
Project("{9A19103F-16F7-4668-BE54-9A1E7A4F7556}") = "2. Commnet", "..\2. Commnet\2. Commnet.csproj", "{8E16B970-4DB2-45FA-85AF-343BB509DC29}"
EndProject
Project("{9A19103F-16F7-4668-BE54-9A1E7A4F7556}") = "3. Variable", "..\3. Variable\3. Variable.csproj", "{EFD77E61-BEC6-42EC-9EE5-B2922E887629}"
EndProject
Project("{9A19103F-16F7-4668-BE54-9A1E7A4F7556}") = "4. Change", "..\4. Change\4. Change.csproj", "{DE8F7DDA-A53C-461B-8850-74DB0417E46A}"
EndProject
Project("{9A19103F-16F7-4668-BE54-9A1E7A4F7556}") = "5. DataType", "..\5. DataType\5. DataType.csproj", "{5CE6991F-9473-4742-95C6-DE9FF96A7A2F}"
EndProject
Project("{9A19103F-16F7-4668-BE54-9A1E7A4F7556}") = "6. Implicit", "..\6. Implicit\6. Implicit.csproj", "{5ECE5F34-5BE9-469C-9480-F2D82825BF8B}"
EndProject
Project("{9A19103F-16F7-4668-BE54-9A1E7A4F7556}") = "7. Explicit", "..\7. Explicit\7. Explicit.csproj", "{9F29F13F-691C-4BEE-B45E-21C90C2D1967}"
EndProject
Project("{9A19103F-16F7-4668-BE54-9A1E7A4F7556}") = "8. DConvert", "..\8. DConvert\8. DConvert.csproj", "{B266D444-0B2C-4859-97C9-4333DEC29A57}"
EndProject
Project("{9A19103F-16F7-4668-BE54-9A1E7A4F7556}") = "9. Input", "9. Input\9. Input.csproj", "{EFC49A08-E9C2-4A95-9EC7-B7F8C55650DC}"
EndProject
Project("{9A19103F-16F7-4668-BE54-9A1E7A4F7556}") = "NumInput", "NumInput\NumInput.csproj", "{E4E9A903-75E7-4CC8-A45F-9F8CA9444CA0}"
EndProject
Project("{9A19103F-16F7-4668-BE54-9A1E7A4F7556}") = "Oper", "Oper\Oper.csproj", "{EA156FD0-DF29-4831-B745-51141B3063EE}"
EndProject
Project("{9A19103F-16F7-4668-BE54-9A1E7A4F7556}") = "Assign", "Assign\Assign.csproj", "{DD60FF74-25C1-4CF6-A1DB-AF6EEA0D35D7}"
EndProject
Project("{9A19103F-16F7-4668-BE54-9A1E7A4F7556}") = "Compare", "Compare\Compare.csproj", "{79F6D294-AA69-4FDD-BB60-8EA2B2E1DC4E}"
EndProject
Project("{9A19103F-16F7-4668-BE54-9A1E7A4F7556}") = "Logic", "Logic\Logic.csproj", "{324E78BC-660A-461A-ADEA-794437842F06}"
EndProject
Project("{9A19103F-16F7-4668-BE54-9A1E7A4F7556}") = "BitOper", "BitOper\BitOper.csproj", "{35BE4D62-FE84-4FE0-BA10-7895D62A0D84}"
EndProject
Project("{9A19103F-16F7-4668-BE54-9A1E7A4F7556}") = "BitAssign", "BitAssign\BitAssign.csproj", "{04F9C774-D302-4A33-AF28-E49531DA1641}"
EndProject
Project("{FAE04EC0-301F-11D3-BF4B-00C04F79EFBC}") = "Math1", "Math1\Math1.csproj", "{1D46BEEB-A626-4BD8-BE2B-36541C9FAB42}"
EndProject
Project("{FAE04EC0-301F-11D3-BF4B-00C04F79EFBC}") = "Math2", "Math2\Math2.csproj", "{EDB1CB5F-815F-4CB1-9742-D69AC01A5656}"
EndProject
Project("{FAE04EC0-301F-11D3-BF4B-00C04F79EFBC}") = "String1", "String1\String1.csproj", "{06107363-65F2-4BA2-AEBB-57C2FA9591C2}"
EndProject
Project("{FAE04EC0-301F-11D3-BF4B-00C04F79EFBC}") = "String2", "String2\String2.csproj", "{225A474D-6CCD-4712-B131-9E554880986F}"
EndProject
Project("{FAE04EC0-301F-11D3-BF4B-00C04F79EFBC}") = "String4", "String4\String4.csproj", "{415BD615-9A9B-478D-A0D4-D193435A42E4}"
EndProject
Project("{FAE04EC0-301F-11D3-BF4B-00C04F79EFBC}") = "Index", "Index\Index.csproj", "{B687DB95-79E3-43F6-8545-852A1BD72482}"
EndProject
Project("{FAE04EC0-301F-11D3-BF4B-00C04F79EFBC}") = "SubString", "SubString\SubString.csproj", "{8F850BDF-8842-4B4E-82A1-08EF424D69FF}"
EndProject
Project("{FAE04EC0-301F-11D3-BF4B-00C04F79EFBC}") = "Escape", "Escape\Escape.csproj", "{CDF84B7A-700C-4625-BEAC-D36F6F0C431A}"
EndProject
Global
	GlobalSection(SolutionConfigurationPlatforms) = preSolution
		Debug|Any CPU = Debug|Any CPU
		Release|Any CPU = Release|Any CPU
	EndGlobalSection
	GlobalSection(ProjectConfigurationPlatforms) = postSolution
		{2E4F0DC7-378A-4247-B777-3EB27FB938CE}.Debug|Any CPU.ActiveCfg = Debug|Any CPU
		{2E4F0DC7-378A-4247-B777-3EB27FB938CE}.Debug|Any CPU.Build.0 = Debug|Any CPU
		{2E4F0DC7-378A-4247-B777-3EB27FB938CE}.Release|Any CPU.ActiveCfg = Release|Any CPU
		{2E4F0DC7-378A-4247-B777-3EB27FB938CE}.Release|Any CPU.Build.0 = Release|Any CPU
		{8E16B970-4DB2-45FA-85AF-343BB509DC29}.Debug|Any CPU.ActiveCfg = Debug|Any CPU
		{8E16B970-4DB2-45FA-85AF-343BB509DC29}.Debug|Any CPU.Build.0 = Debug|Any CPU
		{8E16B970-4DB2-45FA-85AF-343BB509DC29}.Release|Any CPU.ActiveCfg = Release|Any CPU
		{8E16B970-4DB2-45FA-85AF-343BB509DC29}.Release|Any CPU.Build.0 = Release|Any CPU
		{EFD77E61-BEC6-42EC-9EE5-B2922E887629}.Debug|Any CPU.ActiveCfg = Debug|Any CPU
		{EFD77E61-BEC6-42EC-9EE5-B2922E887629}.Debug|Any CPU.Build.0 = Debug|Any CPU
		{EFD77E61-BEC6-42EC-9EE5-B2922E887629}.Release|Any CPU.ActiveCfg = Release|Any CPU
		{EFD77E61-BEC6-42EC-9EE5-B2922E887629}.Release|Any CPU.Build.0 = Release|Any CPU
		{DE8F7DDA-A53C-461B-8850-74DB0417E46A}.Debug|Any CPU.ActiveCfg = Debug|Any CPU
		{DE8F7DDA-A53C-461B-8850-74DB0417E46A}.Debug|Any CPU.Build.0 = Debug|Any CPU
		{DE8F7DDA-A53C-461B-8850-74DB0417E46A}.Release|Any CPU.ActiveCfg = Release|Any CPU
		{DE8F7DDA-A53C-461B-8850-74DB0417E46A}.Release|Any CPU.Build.0 = Release|Any CPU
		{5CE6991F-9473-4742-95C6-DE9FF96A7A2F}.Debug|Any CPU.ActiveCfg = Debug|Any CPU
		{5CE6991F-9473-4742-95C6-DE9FF96A7A2F}.Debug|Any CPU.Build.0 = Debug|Any CPU
		{5CE6991F-9473-4742-95C6-DE9FF96A7A2F}.Release|Any CPU.ActiveCfg = Release|Any CPU
		{5CE6991F-9473-4742-95C6-DE9FF96A7A2F}.Release|Any CPU.Build.0 = Release|Any CPU
		{5ECE5F34-5BE9-469C-9480-F2D82825BF8B}.Debug|Any CPU.ActiveCfg = Debug|Any CPU
		{5ECE5F34-5BE9-469C-9480-F2D82825BF8B}.Debug|Any CPU.Build.0 = Debug|Any CPU
		{5ECE5F34-5BE9-469C-9480-F2D82825BF8B}.Release|Any CPU.ActiveCfg = Release|Any CPU
		{5ECE5F34-5BE9-469C-9480-F2D82825BF8B}.Release|Any CPU.Build.0 = Release|Any CPU
		{9F29F13F-691C-4BEE-B45E-21C90C2D1967}.Debug|Any CPU.ActiveCfg = Debug|Any CPU
		{9F29F13F-691C-4BEE-B45E-21C90C2D1967}.Debug|Any CPU.Build.0 = Debug|Any CPU
		{9F29F13F-691C-4BEE-B45E-21C90C2D1967}.Release|Any CPU.ActiveCfg = Release|Any CPU
		{9F29F13F-691C-4BEE-B45E-21C90C2D1967}.Release|Any CPU.Build.0 = Release|Any CPU
		{B266D444-0B2C-4859-97C9-4333DEC29A57}.Debug|Any CPU.ActiveCfg = Debug|Any CPU
		{B266D444-0B2C-4859-97C9-4333DEC29A57}.Debug|Any CPU.Build.0 = Debug|Any CPU
		{B266D444-0B2C-4859-97C9-4333DEC29A57}.Release|Any CPU.ActiveCfg = Release|Any CPU
		{B266D444-0B2C-4859-97C9-4333DEC29A57}.Release|Any CPU.Build.0 = Release|Any CPU
		{EFC49A08-E9C2-4A95-9EC7-B7F8C55650DC}.Debug|Any CPU.ActiveCfg = Debug|Any CPU
		{EFC49A08-E9C2-4A95-9EC7-B7F8C55650DC}.Debug|Any CPU.Build.0 = Debug|Any CPU
		{EFC49A08-E9C2-4A95-9EC7-B7F8C55650DC}.Release|Any CPU.ActiveCfg = Release|Any CPU
		{EFC49A08-E9C2-4A95-9EC7-B7F8C55650DC}.Release|Any CPU.Build.0 = Release|Any CPU
		{E4E9A903-75E7-4CC8-A45F-9F8CA9444CA0}.Debug|Any CPU.ActiveCfg = Debug|Any CPU
		{E4E9A903-75E7-4CC8-A45F-9F8CA9444CA0}.Debug|Any CPU.Build.0 = Debug|Any CPU
		{E4E9A903-75E7-4CC8-A45F-9F8CA9444CA0}.Release|Any CPU.ActiveCfg = Release|Any CPU
		{E4E9A903-75E7-4CC8-A45F-9F8CA9444CA0}.Release|Any CPU.Build.0 = Release|Any CPU
		{EA156FD0-DF29-4831-B745-51141B3063EE}.Debug|Any CPU.ActiveCfg = Debug|Any CPU
		{EA156FD0-DF29-4831-B745-51141B3063EE}.Debug|Any CPU.Build.0 = Debug|Any CPU
		{EA156FD0-DF29-4831-B745-51141B3063EE}.Release|Any CPU.ActiveCfg = Release|Any CPU
		{EA156FD0-DF29-4831-B745-51141B3063EE}.Release|Any CPU.Build.0 = Release|Any CPU
		{DD60FF74-25C1-4CF6-A1DB-AF6EEA0D35D7}.Debug|Any CPU.ActiveCfg = Debug|Any CPU
		{DD60FF74-25C1-4CF6-A1DB-AF6EEA0D35D7}.Debug|Any CPU.Build.0 = Debug|Any CPU
		{DD60FF74-25C1-4CF6-A1DB-AF6EEA0D35D7}.Release|Any CPU.ActiveCfg = Release|Any CPU
		{DD60FF74-25C1-4CF6-A1DB-AF6EEA0D35D7}.Release|Any CPU.Build.0 = Release|Any CPU
		{79F6D294-AA69-4FDD-BB60-8EA2B2E1DC4E}.Debug|Any CPU.ActiveCfg = Debug|Any CPU
		{79F6D294-AA69-4FDD-BB60-8EA2B2E1DC4E}.Debug|Any CPU.Build.0 = Debug|Any CPU
		{79F6D294-AA69-4FDD-BB60-8EA2B2E1DC4E}.Release|Any CPU.ActiveCfg = Release|Any CPU
		{79F6D294-AA69-4FDD-BB60-8EA2B2E1DC4E}.Release|Any CPU.Build.0 = Release|Any CPU
		{324E78BC-660A-461A-ADEA-794437842F06}.Debug|Any CPU.ActiveCfg = Debug|Any CPU
		{324E78BC-660A-461A-ADEA-794437842F06}.Debug|Any CPU.Build.0 = Debug|Any CPU
		{324E78BC-660A-461A-ADEA-794437842F06}.Release|Any CPU.ActiveCfg = Release|Any CPU
		{324E78BC-660A-461A-ADEA-794437842F06}.Release|Any CPU.Build.0 = Release|Any CPU
		{35BE4D62-FE84-4FE0-BA10-7895D62A0D84}.Debug|Any CPU.ActiveCfg = Debug|Any CPU
		{35BE4D62-FE84-4FE0-BA10-7895D62A0D84}.Debug|Any CPU.Build.0 = Debug|Any CPU
		{35BE4D62-FE84-4FE0-BA10-7895D62A0D84}.Release|Any CPU.ActiveCfg = Release|Any CPU
		{35BE4D62-FE84-4FE0-BA10-7895D62A0D84}.Release|Any CPU.Build.0 = Release|Any CPU
		{04F9C774-D302-4A33-AF28-E49531DA1641}.Debug|Any CPU.ActiveCfg = Debug|Any CPU
		{04F9C774-D302-4A33-AF28-E49531DA1641}.Debug|Any CPU.Build.0 = Debug|Any CPU
		{04F9C774-D302-4A33-AF28-E49531DA1641}.Release|Any CPU.ActiveCfg = Release|Any CPU
		{04F9C774-D302-4A33-AF28-E49531DA1641}.Release|Any CPU.Build.0 = Release|Any CPU
		{1D46BEEB-A626-4BD8-BE2B-36541C9FAB42}.Debug|Any CPU.ActiveCfg = Debug|Any CPU
		{1D46BEEB-A626-4BD8-BE2B-36541C9FAB42}.Debug|Any CPU.Build.0 = Debug|Any CPU
		{1D46BEEB-A626-4BD8-BE2B-36541C9FAB42}.Release|Any CPU.ActiveCfg = Release|Any CPU
		{1D46BEEB-A626-4BD8-BE2B-36541C9FAB42}.Release|Any CPU.Build.0 = Release|Any CPU
		{EDB1CB5F-815F-4CB1-9742-D69AC01A5656}.Debug|Any CPU.ActiveCfg = Debug|Any CPU
		{EDB1CB5F-815F-4CB1-9742-D69AC01A5656}.Debug|Any CPU.Build.0 = Debug|Any CPU
		{EDB1CB5F-815F-4CB1-9742-D69AC01A5656}.Release|Any CPU.ActiveCfg = Release|Any CPU
		{EDB1CB5F-815F-4CB1-9742-D69AC01A5656}.Release|Any CPU.Build.0 = Release|Any CPU
		{06107363-65F2-4BA2-AEBB-57C2FA9591C2}.Debug|Any CPU.ActiveCfg = Debug|Any CPU
		{06107363-65F2-4BA2-AEBB-57C2FA9591C2}.Debug|Any CPU.Build.0 = Debug|Any CPU
		{06107363-65F2-4BA2-AEBB-57C2FA9591C2}.Release|Any CPU.ActiveCfg = Release|Any CPU
		{06107363-65F2-4BA2-AEBB-57C2FA9591C2}.Release|Any CPU.Build.0 = Release|Any CPU
		{225A474D-6CCD-4712-B131-9E554880986F}.Debug|Any CPU.ActiveCfg = Debug|Any CPU
		{225A474D-6CCD-4712-B131-9E554880986F}.Debug|Any CPU.Build.0 = Debug|Any CPU
		{225A474D-6CCD-4712-B131-9E554880986F}.Release|Any CPU.ActiveCfg = Release|Any CPU
		{225A474D-6CCD-4712-B131-9E554880986F}.Release|Any CPU.Build.0 = Release|Any CPU
		{415BD615-9A9B-478D-A0D4-D193435A42E4}.Debug|Any CPU.ActiveCfg = Debug|Any CPU
		{415BD615-9A9B-478D-A0D4-D193435A42E4}.Debug|Any CPU.Build.0 = Debug|Any CPU
		{415BD615-9A9B-478D-A0D4-D193435A42E4}.Release|Any CPU.ActiveCfg = Release|Any CPU
		{415BD615-9A9B-478D-A0D4-D193435A42E4}.Release|Any CPU.Build.0 = Release|Any CPU
		{B687DB95-79E3-43F6-8545-852A1BD72482}.Debug|Any CPU.ActiveCfg = Debug|Any CPU
		{B687DB95-79E3-43F6-8545-852A1BD72482}.Debug|Any CPU.Build.0 = Debug|Any CPU
		{B687DB95-79E3-43F6-8545-852A1BD72482}.Release|Any CPU.ActiveCfg = Release|Any CPU
		{B687DB95-79E3-43F6-8545-852A1BD72482}.Release|Any CPU.Build.0 = Release|Any CPU
		{8F850BDF-8842-4B4E-82A1-08EF424D69FF}.Debug|Any CPU.ActiveCfg = Debug|Any CPU
		{8F850BDF-8842-4B4E-82A1-08EF424D69FF}.Debug|Any CPU.Build.0 = Debug|Any CPU
		{8F850BDF-8842-4B4E-82A1-08EF424D69FF}.Release|Any CPU.ActiveCfg = Release|Any CPU
		{8F850BDF-8842-4B4E-82A1-08EF424D69FF}.Release|Any CPU.Build.0 = Release|Any CPU
		{CDF84B7A-700C-4625-BEAC-D36F6F0C431A}.Debug|Any CPU.ActiveCfg = Debug|Any CPU
		{CDF84B7A-700C-4625-BEAC-D36F6F0C431A}.Debug|Any CPU.Build.0 = Debug|Any CPU
		{CDF84B7A-700C-4625-BEAC-D36F6F0C431A}.Release|Any CPU.ActiveCfg = Release|Any CPU
		{CDF84B7A-700C-4625-BEAC-D36F6F0C431A}.Release|Any CPU.Build.0 = Release|Any CPU
	EndGlobalSection
	GlobalSection(SolutionProperties) = preSolution
		HideSolutionNode = FALSE
	EndGlobalSection
	GlobalSection(ExtensibilityGlobals) = postSolution
		SolutionGuid = {24F3313B-BBF3-4315-B08C-E3FA53BEE4F0}
	EndGlobalSection
EndGlobal
